{
  "name": "openhps-client",
  "version": "1.0.0",
  "lockfileVersion": 2,
  "requires": true,
  "packages": {
    "": {
      "name": "openhps-client",
      "version": "1.0.0",
      "license": "Apache-2.0",
      "dependencies": {
        "@openhps/core": "^0.3.9",
        "@openhps/csv": "^0.1.4",
        "@openhps/rf": "^0.1.4",
        "@openhps/socket": "^0.1.2"
      },
      "devDependencies": {
        "ts-node": "^10.4.0",
        "typescript": "^4.5.3"
      }
    },
    "node_modules/@cspotcode/source-map-consumer": {
      "version": "0.8.0",
      "resolved": "https://registry.npmjs.org/@cspotcode/source-map-consumer/-/source-map-consumer-0.8.0.tgz",
      "integrity": "sha512-41qniHzTU8yAGbCp04ohlmSrZf8bkf/iJsl3V0dRGsQN/5GFfx+LbCSsCpp2gqrqjTVg/K6O8ycoV35JIwAzAg==",
      "dev": true,
      "engines": {
        "node": ">= 12"
      }
    },
    "node_modules/@cspotcode/source-map-support": {
      "version": "0.7.0",
      "resolved": "https://registry.npmjs.org/@cspotcode/source-map-support/-/source-map-support-0.7.0.tgz",
      "integrity": "sha512-X4xqRHqN8ACt2aHVe51OxeA2HjbcL4MqFqXkrmQszJ1NOUuUu5u6Vqx/0lZSVNku7velL5FC/s5uEAj1lsBMhA==",
      "dev": true,
      "dependencies": {
        "@cspotcode/source-map-consumer": "0.8.0"
      },
      "engines": {
        "node": ">=12"
      }
    },
    "node_modules/@openhps/core": {
      "version": "0.3.9",
      "resolved": "https://registry.npmjs.org/@openhps/core/-/core-0.3.9.tgz",
      "integrity": "sha512-EjhyKZYxbzAtHAoNNkyK9deday83+AeF+wrxIuXYqMY3WM8QrgYEUg0w5YdzgyI29bQSWq/fVsSsE61K7X/k8g==",
      "dependencies": {
        "reflect-metadata": ">=0.1.13",
        "threads": "^1.7.0",
        "typedjson": "^1.8.0",
        "uuid": "^8.3.2"
      },
      "engines": {
        "node": ">=12.0.0"
      }
    },
    "node_modules/@openhps/csv": {
      "version": "0.1.4",
      "resolved": "https://registry.npmjs.org/@openhps/csv/-/csv-0.1.4.tgz",
      "integrity": "sha512-ZxiWdq3jBFQBE4MuajH7IXGOJN9MCaM6MW6/hHEwey7ch6h6N3HePzQxmdIqrG2DEUufzZ8MIkZygZAfKJCjeQ==",
      "dependencies": {
        "csv-parser": "^3.0.0",
        "csv-writer": "^1.6.0"
      },
      "engines": {
        "node": ">=12.0.0"
      },
      "peerDependencies": {
        "@openhps/core": ">=0.3.0",
        "reflect-metadata": ">=0.1.13"
      }
    },
    "node_modules/@openhps/rf": {
      "version": "0.1.4",
      "resolved": "https://registry.npmjs.org/@openhps/rf/-/rf-0.1.4.tgz",
      "integrity": "sha512-6lVvUmmCkRT3bw0fmCBXKiUK0QvT7x70qH1IUPdxCbxVHMx5LMJgxqIw0As/2NqpW4fBivW7E/XK/ENv+LxP/Q==",
      "dependencies": {
        "ml-levenberg-marquardt": "^3.1.1"
      },
      "engines": {
        "node": ">=12.0.0"
      },
      "peerDependencies": {
        "@openhps/core": ">=0.3.9",
        "reflect-metadata": ">=0.1.13"
      }
    },
    "node_modules/@openhps/socket": {
      "version": "0.1.2",
      "resolved": "https://registry.npmjs.org/@openhps/socket/-/socket-0.1.2.tgz",
      "integrity": "sha512-+8ev5cESCY/7ey02vERGgsTYOJEyEm6pkCLnVUno3bExXwR7Lt0GSIalWmkDJKcBFp50sc/8erDDQxFuHZorMw==",
      "dependencies": {
        "socket.io": "^4.3.1",
        "socket.io-client": "^4.3.2",
        "zlib": ">=1.0.5"
      },
      "engines": {
        "node": ">=12.0.0"
      },
      "peerDependencies": {
        "@openhps/core": ">=0.3.2-alpha.9"
      }
    },
    "node_modules/@socket.io/component-emitter": {
      "version": "3.0.0",
      "resolved": "https://registry.npmjs.org/@socket.io/component-emitter/-/component-emitter-3.0.0.tgz",
      "integrity": "sha512-2pTGuibAXJswAPJjaKisthqS/NOK5ypG4LYT6tEAV0S/mxW0zOIvYvGK0V8w8+SHxAm6vRMSjqSalFXeBAqs+Q=="
    },
    "node_modules/@tsconfig/node10": {
      "version": "1.0.8",
      "resolved": "https://registry.npmjs.org/@tsconfig/node10/-/node10-1.0.8.tgz",
      "integrity": "sha512-6XFfSQmMgq0CFLY1MslA/CPUfhIL919M1rMsa5lP2P097N2Wd1sSX0tx1u4olM16fLNhtHZpRhedZJphNJqmZg==",
      "dev": true
    },
    "node_modules/@tsconfig/node12": {
      "version": "1.0.9",
      "resolved": "https://registry.npmjs.org/@tsconfig/node12/-/node12-1.0.9.tgz",
      "integrity": "sha512-/yBMcem+fbvhSREH+s14YJi18sp7J9jpuhYByADT2rypfajMZZN4WQ6zBGgBKp53NKmqI36wFYDb3yaMPurITw==",
      "dev": true
    },
    "node_modules/@tsconfig/node14": {
      "version": "1.0.1",
      "resolved": "https://registry.npmjs.org/@tsconfig/node14/-/node14-1.0.1.tgz",
      "integrity": "sha512-509r2+yARFfHHE7T6Puu2jjkoycftovhXRqW328PDXTVGKihlb1P8Z9mMZH04ebyajfRY7dedfGynlrFHJUQCg==",
      "dev": true
    },
    "node_modules/@tsconfig/node16": {
      "version": "1.0.2",
      "resolved": "https://registry.npmjs.org/@tsconfig/node16/-/node16-1.0.2.tgz",
      "integrity": "sha512-eZxlbI8GZscaGS7kkc/trHTT5xgrjH3/1n2JDwusC9iahPKWMRvRjJSAN5mCXviuTGQ/lHnhvv8Q1YTpnfz9gA==",
      "dev": true
    },
    "node_modules/@types/component-emitter": {
      "version": "1.2.11",
      "resolved": "https://registry.npmjs.org/@types/component-emitter/-/component-emitter-1.2.11.tgz",
      "integrity": "sha512-SRXjM+tfsSlA9VuG8hGO2nft2p8zjXCK1VcC6N4NXbBbYbSia9kzCChYQajIjzIqOOOuh5Ock6MmV2oux4jDZQ=="
    },
    "node_modules/@types/cookie": {
      "version": "0.4.1",
      "resolved": "https://registry.npmjs.org/@types/cookie/-/cookie-0.4.1.tgz",
      "integrity": "sha512-XW/Aa8APYr6jSVVA1y/DEIZX0/GMKLEVekNG727R8cs56ahETkRAy/3DR7+fJyh7oUgGwNQaRfXCun0+KbWY7Q=="
    },
    "node_modules/@types/cors": {
      "version": "2.8.12",
      "resolved": "https://registry.npmjs.org/@types/cors/-/cors-2.8.12.tgz",
      "integrity": "sha512-vt+kDhq/M2ayberEtJcIN/hxXy1Pk+59g2FV/ZQceeaTyCtCucjL2Q7FXlFjtWn4n15KCr1NE2lNNFhp0lEThw=="
    },
    "node_modules/@types/node": {
      "version": "16.11.12",
      "resolved": "https://registry.npmjs.org/@types/node/-/node-16.11.12.tgz",
      "integrity": "sha512-+2Iggwg7PxoO5Kyhvsq9VarmPbIelXP070HMImEpbtGCoyWNINQj4wzjbQCXzdHTRXnqufutJb5KAURZANNBAw=="
    },
    "node_modules/accepts": {
      "version": "1.3.7",
      "resolved": "https://registry.npmjs.org/accepts/-/accepts-1.3.7.tgz",
      "integrity": "sha512-Il80Qs2WjYlJIBNzNkK6KYqlVMTbZLXgHx2oT0pU/fjRHyEp+PEfEPY0R3WCwAGVOtauxh1hOxNgIf5bv7dQpA==",
      "dependencies": {
        "mime-types": "~2.1.24",
        "negotiator": "0.6.2"
      },
      "engines": {
        "node": ">= 0.6"
      }
    },
    "node_modules/acorn": {
      "version": "8.6.0",
      "resolved": "https://registry.npmjs.org/acorn/-/acorn-8.6.0.tgz",
      "integrity": "sha512-U1riIR+lBSNi3IbxtaHOIKdH8sLFv3NYfNv8sg7ZsNhcfl4HF2++BfqqrNAxoCLQW1iiylOj76ecnaUxz+z9yw==",
      "dev": true,
      "bin": {
        "acorn": "bin/acorn"
      },
      "engines": {
        "node": ">=0.4.0"
      }
    },
    "node_modules/acorn-walk": {
      "version": "8.2.0",
      "resolved": "https://registry.npmjs.org/acorn-walk/-/acorn-walk-8.2.0.tgz",
      "integrity": "sha512-k+iyHEuPgSw6SbuDpGQM+06HQUa04DZ3o+F6CSzXMvvI5KMvnaEqXe+YVe555R9nn6GPt404fos4wcgpw12SDA==",
      "dev": true,
      "engines": {
        "node": ">=0.4.0"
      }
    },
    "node_modules/arg": {
      "version": "4.1.3",
      "resolved": "https://registry.npmjs.org/arg/-/arg-4.1.3.tgz",
      "integrity": "sha512-58S9QDqG0Xx27YwPSt9fJxivjYl432YCwfDMfZ+71RAqUrZef7LrKQZ3LHLOwCS4FLNBplP533Zx895SeOCHvA==",
      "dev": true
    },
    "node_modules/backo2": {
      "version": "1.0.2",
      "resolved": "https://registry.npmjs.org/backo2/-/backo2-1.0.2.tgz",
      "integrity": "sha1-MasayLEpNjRj41s+u2n038+6eUc="
    },
    "node_modules/base64-arraybuffer": {
      "version": "1.0.1",
      "resolved": "https://registry.npmjs.org/base64-arraybuffer/-/base64-arraybuffer-1.0.1.tgz",
      "integrity": "sha512-vFIUq7FdLtjZMhATwDul5RZWv2jpXQ09Pd6jcVEOvIsqCWTRFD/ONHNfyOS8dA/Ippi5dsIgpyKWKZaAKZltbA==",
      "engines": {
        "node": ">= 0.6.0"
      }
    },
    "node_modules/base64id": {
      "version": "2.0.0",
      "resolved": "https://registry.npmjs.org/base64id/-/base64id-2.0.0.tgz",
      "integrity": "sha512-lGe34o6EHj9y3Kts9R4ZYs/Gr+6N7MCaMlIFA3F1R2O5/m7K06AxfSeO5530PEERE6/WyEg3lsuyw4GHlPZHog==",
      "engines": {
        "node": "^4.5.0 || >= 5.9"
      }
    },
    "node_modules/callsites": {
      "version": "3.1.0",
      "resolved": "https://registry.npmjs.org/callsites/-/callsites-3.1.0.tgz",
      "integrity": "sha512-P8BjAsXvZS+VIDUI11hHCQEv74YT67YUi5JJFNWIqL235sBmjX4+qx9Muvls5ivyNENctx46xQLQ3aTuE7ssaQ==",
      "engines": {
        "node": ">=6"
      }
    },
    "node_modules/component-emitter": {
      "version": "1.3.0",
      "resolved": "https://registry.npmjs.org/component-emitter/-/component-emitter-1.3.0.tgz",
      "integrity": "sha512-Rd3se6QB+sO1TwqZjscQrurpEPIfO0/yYnSin6Q/rD3mOutHvUrCAhJub3r90uNb+SESBuE0QYoB90YdfatsRg=="
    },
    "node_modules/cookie": {
      "version": "0.4.1",
      "resolved": "https://registry.npmjs.org/cookie/-/cookie-0.4.1.tgz",
      "integrity": "sha512-ZwrFkGJxUR3EIoXtO+yVE69Eb7KlixbaeAWfBQB9vVsNn/o+Yw69gBWSSDK825hQNdN+wF8zELf3dFNl/kxkUA==",
      "engines": {
        "node": ">= 0.6"
      }
    },
    "node_modules/cors": {
      "version": "2.8.5",
      "resolved": "https://registry.npmjs.org/cors/-/cors-2.8.5.tgz",
      "integrity": "sha512-KIHbLJqu73RGr/hnbrO9uBeixNGuvSQjul/jdFvS/KFSIH1hWVd1ng7zOHx+YrEfInLG7q4n6GHQ9cDtxv/P6g==",
      "dependencies": {
        "object-assign": "^4",
        "vary": "^1"
      },
      "engines": {
        "node": ">= 0.10"
      }
    },
    "node_modules/create-require": {
      "version": "1.1.1",
      "resolved": "https://registry.npmjs.org/create-require/-/create-require-1.1.1.tgz",
      "integrity": "sha512-dcKFX3jn0MpIaXjisoRvexIJVEKzaq7z2rZKxf+MSr9TkdmHmsU4m2lcLojrj/FHl8mk5VxMmYA+ftRkP/3oKQ==",
      "dev": true
    },
    "node_modules/csv-parser": {
      "version": "3.0.0",
      "resolved": "https://registry.npmjs.org/csv-parser/-/csv-parser-3.0.0.tgz",
      "integrity": "sha512-s6OYSXAK3IdKqYO33y09jhypG/bSDHPuyCme/IdEHfWpLf/jKcpitVFyOC6UemgGk8v7Q5u2XE0vvwmanxhGlQ==",
      "dependencies": {
        "minimist": "^1.2.0"
      },
      "bin": {
        "csv-parser": "bin/csv-parser"
      },
      "engines": {
        "node": ">= 10"
      }
    },
    "node_modules/csv-writer": {
      "version": "1.6.0",
      "resolved": "https://registry.npmjs.org/csv-writer/-/csv-writer-1.6.0.tgz",
      "integrity": "sha512-NOx7YDFWEsM/fTRAJjRpPp8t+MKRVvniAg9wQlUKx20MFrPs73WLJhFf5iteqrxNYnsy924K3Iroh3yNHeYd2g=="
    },
    "node_modules/debug": {
      "version": "4.3.3",
      "resolved": "https://registry.npmjs.org/debug/-/debug-4.3.3.tgz",
      "integrity": "sha512-/zxw5+vh1Tfv+4Qn7a5nsbcJKPaSvCDhojn6FEl9vupwK2VCSDtEiEtqr8DFtzYFOdz63LBkxec7DYuc2jon6Q==",
      "dependencies": {
        "ms": "2.1.2"
      },
      "engines": {
        "node": ">=6.0"
      },
      "peerDependenciesMeta": {
        "supports-color": {
          "optional": true
        }
      }
    },
    "node_modules/diff": {
      "version": "4.0.2",
      "resolved": "https://registry.npmjs.org/diff/-/diff-4.0.2.tgz",
      "integrity": "sha512-58lmxKSA4BNyLz+HHMUzlOEpg09FV+ev6ZMe3vJihgdxzgcwZ8VoEEPmALCZG9LmqfVoNMMKpttIYTVG6uDY7A==",
      "dev": true,
      "engines": {
        "node": ">=0.3.1"
      }
    },
    "node_modules/engine.io": {
      "version": "6.1.0",
      "resolved": "https://registry.npmjs.org/engine.io/-/engine.io-6.1.0.tgz",
      "integrity": "sha512-ErhZOVu2xweCjEfYcTdkCnEYUiZgkAcBBAhW4jbIvNG8SLU3orAqoJCiytZjYF7eTpVmmCrLDjLIEaPlUAs1uw==",
      "dependencies": {
        "@types/cookie": "^0.4.1",
        "@types/cors": "^2.8.12",
        "@types/node": ">=10.0.0",
        "accepts": "~1.3.4",
        "base64id": "2.0.0",
        "cookie": "~0.4.1",
        "cors": "~2.8.5",
        "debug": "~4.3.1",
        "engine.io-parser": "~5.0.0",
        "ws": "~8.2.3"
      },
      "engines": {
        "node": ">=10.0.0"
      }
    },
    "node_modules/engine.io-client": {
      "version": "6.1.1",
      "resolved": "https://registry.npmjs.org/engine.io-client/-/engine.io-client-6.1.1.tgz",
      "integrity": "sha512-V05mmDo4gjimYW+FGujoGmmmxRaDsrVr7AXA3ZIfa04MWM1jOfZfUwou0oNqhNwy/votUDvGDt4JA4QF4e0b4g==",
      "dependencies": {
        "@socket.io/component-emitter": "~3.0.0",
        "debug": "~4.3.1",
        "engine.io-parser": "~5.0.0",
        "has-cors": "1.1.0",
        "parseqs": "0.0.6",
        "parseuri": "0.0.6",
        "ws": "~8.2.3",
        "xmlhttprequest-ssl": "~2.0.0",
        "yeast": "0.1.2"
      }
    },
    "node_modules/engine.io-parser": {
      "version": "5.0.2",
      "resolved": "https://registry.npmjs.org/engine.io-parser/-/engine.io-parser-5.0.2.tgz",
      "integrity": "sha512-wuiO7qO/OEkPJSFueuATIXtrxF7/6GTbAO9QLv7nnbjwZ5tYhLm9zxvLwxstRs0dcT0KUlWTjtIOs1T86jt12g==",
      "dependencies": {
        "base64-arraybuffer": "~1.0.1"
      },
      "engines": {
        "node": ">=10.0.0"
      }
    },
    "node_modules/esm": {
      "version": "3.2.25",
      "resolved": "https://registry.npmjs.org/esm/-/esm-3.2.25.tgz",
      "integrity": "sha512-U1suiZ2oDVWv4zPO56S0NcR5QriEahGtdN2OR6FiOG4WJvcjBVFB0qI4+eKoWFH483PKGuLuu6V8Z4T5g63UVA==",
      "optional": true,
      "engines": {
        "node": ">=6"
      }
    },
    "node_modules/has-cors": {
      "version": "1.1.0",
      "resolved": "https://registry.npmjs.org/has-cors/-/has-cors-1.1.0.tgz",
      "integrity": "sha1-XkdHk/fqmEPRu5nCPu9J/xJv/zk="
    },
    "node_modules/is-any-array": {
      "version": "1.0.1",
      "resolved": "https://registry.npmjs.org/is-any-array/-/is-any-array-1.0.1.tgz",
      "integrity": "sha512-m+FSiaONxBt2W0h9XOUngMBu/WW8uzAKbSk4Ty2aeCcQJ+muBqENexvxUHtDpX65fk5AMCROxqgNX0sSAHstcw=="
    },
    "node_modules/is-observable": {
      "version": "2.1.0",
      "resolved": "https://registry.npmjs.org/is-observable/-/is-observable-2.1.0.tgz",
      "integrity": "sha512-DailKdLb0WU+xX8K5w7VsJhapwHLZ9jjmazqCJq4X12CTgqq73TKnbRcnSLuXYPOoLQgV5IrD7ePiX/h1vnkBw==",
      "engines": {
        "node": ">=8"
      },
      "funding": {
        "url": "https://github.com/sponsors/sindresorhus"
      }
    },
    "node_modules/make-error": {
      "version": "1.3.6",
      "resolved": "https://registry.npmjs.org/make-error/-/make-error-1.3.6.tgz",
      "integrity": "sha512-s8UhlNe7vPKomQhC1qFelMokr/Sc3AgNbso3n74mVPA5LTZwkB9NlXf4XPamLxJE8h0gh73rM94xvwRT2CVInw==",
      "dev": true
    },
    "node_modules/mime-db": {
      "version": "1.51.0",
      "resolved": "https://registry.npmjs.org/mime-db/-/mime-db-1.51.0.tgz",
      "integrity": "sha512-5y8A56jg7XVQx2mbv1lu49NR4dokRnhZYTtL+KGfaa27uq4pSTXkwQkFJl4pkRMyNFz/EtYDSkiiEHx3F7UN6g==",
      "engines": {
        "node": ">= 0.6"
      }
    },
    "node_modules/mime-types": {
      "version": "2.1.34",
      "resolved": "https://registry.npmjs.org/mime-types/-/mime-types-2.1.34.tgz",
      "integrity": "sha512-6cP692WwGIs9XXdOO4++N+7qjqv0rqxxVvJ3VHPh/Sc9mVZcQP+ZGhkKiTvWMQRr2tbHkJP/Yn7Y0npb3ZBs4A==",
      "dependencies": {
        "mime-db": "1.51.0"
      },
      "engines": {
        "node": ">= 0.6"
      }
    },
    "node_modules/minimist": {
      "version": "1.2.5",
      "resolved": "https://registry.npmjs.org/minimist/-/minimist-1.2.5.tgz",
      "integrity": "sha512-FM9nNUYrRBAELZQT3xeZQ7fmMOBg6nWNmJKTcgsJeaLstP/UODVpGsr5OhXhhXg6f+qtJ8uiZ+PUxkDWcgIXLw=="
    },
    "node_modules/ml-array-max": {
      "version": "1.2.3",
      "resolved": "https://registry.npmjs.org/ml-array-max/-/ml-array-max-1.2.3.tgz",
      "integrity": "sha512-49YwnLlAf4/E/VyezUz+SNfSBhPE8JTahxRPuyM9S9Uv+ft5x0C8A4trtkDgrttMxoxbhudTA1yg8zgJZaYtpA==",
      "dependencies": {
        "is-any-array": "^1.0.0"
      }
    },
    "node_modules/ml-array-min": {
      "version": "1.2.2",
      "resolved": "https://registry.npmjs.org/ml-array-min/-/ml-array-min-1.2.2.tgz",
      "integrity": "sha512-yidQcOHFaGEuVr6FcwAn+QvKXJv1Lxel5fyKrO+aXGJGp97Mt+p8r21WYtikS/PTVbxdSrliQ0UK4wSHYHHgzQ==",
      "dependencies": {
        "is-any-array": "^1.0.0"
      }
    },
    "node_modules/ml-array-rescale": {
      "version": "1.3.6",
      "resolved": "https://registry.npmjs.org/ml-array-rescale/-/ml-array-rescale-1.3.6.tgz",
      "integrity": "sha512-Lzj45T6hvHNdht924JQhHzInIK+ilC55zn98uraZUvLBkOWOJGOztEkRM0xyzAjWvVuhpszLADOnoVwfBSnj8w==",
      "dependencies": {
        "is-any-array": "^1.0.0",
        "ml-array-max": "^1.2.3",
        "ml-array-min": "^1.2.2"
      }
    },
    "node_modules/ml-levenberg-marquardt": {
      "version": "3.1.1",
      "resolved": "https://registry.npmjs.org/ml-levenberg-marquardt/-/ml-levenberg-marquardt-3.1.1.tgz",
      "integrity": "sha512-3/AC2MQqlbbIeVon2DO5eNHFNHPw+2ycGJKtySXOB0YNoAvIqLhVQGIH8/bouI3q6XJgjnLFr9B90BPKNPVu8w==",
      "dependencies": {
        "is-any-array": "^1.0.0",
        "ml-matrix": "^6.7.0"
      }
    },
    "node_modules/ml-matrix": {
      "version": "6.8.2",
      "resolved": "https://registry.npmjs.org/ml-matrix/-/ml-matrix-6.8.2.tgz",
      "integrity": "sha512-5o2gVLFyieDSgsStEU5mqty4MZqfeytYA/gJqBSw5/Xuob0X2UrFX/k7FDh+YAwjzG/1l8nYa0oDaJ0sGs/RlA==",
      "dependencies": {
        "ml-array-rescale": "^1.3.6"
      }
    },
    "node_modules/ms": {
      "version": "2.1.2",
      "resolved": "https://registry.npmjs.org/ms/-/ms-2.1.2.tgz",
      "integrity": "sha512-sGkPx+VjMtmA6MX27oA4FBFELFCZZ4S4XqeGOXCv68tT+jb3vk/RyaKWP0PTKyWtmLSM0b+adUTEvbs1PEaH2w=="
    },
    "node_modules/negotiator": {
      "version": "0.6.2",
      "resolved": "https://registry.npmjs.org/negotiator/-/negotiator-0.6.2.tgz",
      "integrity": "sha512-hZXc7K2e+PgeI1eDBe/10Ard4ekbfrrqG8Ep+8Jmf4JID2bNg7NvCPOZN+kfF574pFQI7mum2AUqDidoKqcTOw==",
      "engines": {
        "node": ">= 0.6"
      }
    },
    "node_modules/object-assign": {
      "version": "4.1.1",
      "resolved": "https://registry.npmjs.org/object-assign/-/object-assign-4.1.1.tgz",
      "integrity": "sha1-IQmtx5ZYh8/AXLvUQsrIv7s2CGM=",
      "engines": {
        "node": ">=0.10.0"
      }
    },
    "node_modules/observable-fns": {
      "version": "0.6.1",
      "resolved": "https://registry.npmjs.org/observable-fns/-/observable-fns-0.6.1.tgz",
      "integrity": "sha512-9gRK4+sRWzeN6AOewNBTLXir7Zl/i3GB6Yl26gK4flxz8BXVpD3kt8amREmWNb0mxYOGDotvE5a4N+PtGGKdkg=="
    },
    "node_modules/parseqs": {
      "version": "0.0.6",
      "resolved": "https://registry.npmjs.org/parseqs/-/parseqs-0.0.6.tgz",
      "integrity": "sha512-jeAGzMDbfSHHA091hr0r31eYfTig+29g3GKKE/PPbEQ65X0lmMwlEoqmhzu0iztID5uJpZsFlUPDP8ThPL7M8w=="
    },
    "node_modules/parseuri": {
      "version": "0.0.6",
      "resolved": "https://registry.npmjs.org/parseuri/-/parseuri-0.0.6.tgz",
      "integrity": "sha512-AUjen8sAkGgao7UyCX6Ahv0gIK2fABKmYjvP4xmy5JaKvcbTRueIqIPHLAfq30xJddqSE033IOMUSOMCcK3Sow=="
    },
    "node_modules/reflect-metadata": {
      "version": "0.1.13",
      "resolved": "https://registry.npmjs.org/reflect-metadata/-/reflect-metadata-0.1.13.tgz",
      "integrity": "sha512-Ts1Y/anZELhSsjMcU605fU9RE4Oi3p5ORujwbIKXfWa+0Zxs510Qrmrce5/Jowq3cHSZSJqBjypxmHarc+vEWg=="
    },
    "node_modules/socket.io": {
      "version": "4.4.0",
      "resolved": "https://registry.npmjs.org/socket.io/-/socket.io-4.4.0.tgz",
      "integrity": "sha512-bnpJxswR9ov0Bw6ilhCvO38/1WPtE3eA2dtxi2Iq4/sFebiDJQzgKNYA7AuVVdGW09nrESXd90NbZqtDd9dzRQ==",
      "dependencies": {
        "accepts": "~1.3.4",
        "base64id": "~2.0.0",
        "debug": "~4.3.2",
        "engine.io": "~6.1.0",
        "socket.io-adapter": "~2.3.3",
        "socket.io-parser": "~4.0.4"
      },
      "engines": {
        "node": ">=10.0.0"
      }
    },
    "node_modules/socket.io-adapter": {
      "version": "2.3.3",
      "resolved": "https://registry.npmjs.org/socket.io-adapter/-/socket.io-adapter-2.3.3.tgz",
      "integrity": "sha512-Qd/iwn3VskrpNO60BeRyCyr8ZWw9CPZyitW4AQwmRZ8zCiyDiL+znRnWX6tDHXnWn1sJrM1+b6Mn6wEDJJ4aYQ=="
    },
    "node_modules/socket.io-client": {
      "version": "4.4.0",
      "resolved": "https://registry.npmjs.org/socket.io-client/-/socket.io-client-4.4.0.tgz",
      "integrity": "sha512-g7riSEJXi7qCFImPow98oT8X++MSsHz6MMFRXkWNJ6uEROSHOa3kxdrsYWMq85dO+09CFMkcqlpjvbVXQl4z6g==",
      "dependencies": {
        "@socket.io/component-emitter": "~3.0.0",
        "backo2": "~1.0.2",
        "debug": "~4.3.2",
        "engine.io-client": "~6.1.1",
        "parseuri": "0.0.6",
        "socket.io-parser": "~4.1.1"
      },
      "engines": {
        "node": ">=10.0.0"
      }
    },
    "node_modules/socket.io-client/node_modules/socket.io-parser": {
      "version": "4.1.1",
      "resolved": "https://registry.npmjs.org/socket.io-parser/-/socket.io-parser-4.1.1.tgz",
      "integrity": "sha512-USQVLSkDWE5nbcY760ExdKaJxCE65kcsG/8k5FDGZVVxpD1pA7hABYXYkCUvxUuYYh/+uQw0N/fvBzfT8o07KA==",
      "dependencies": {
        "@socket.io/component-emitter": "~3.0.0",
        "debug": "~4.3.1"
      },
      "engines": {
        "node": ">=10.0.0"
      }
    },
    "node_modules/socket.io-parser": {
      "version": "4.0.4",
      "resolved": "https://registry.npmjs.org/socket.io-parser/-/socket.io-parser-4.0.4.tgz",
      "integrity": "sha512-t+b0SS+IxG7Rxzda2EVvyBZbvFPBCjJoyHuE0P//7OAsN23GItzDRdWa6ALxZI/8R5ygK7jAR6t028/z+7295g==",
      "dependencies": {
        "@types/component-emitter": "^1.2.10",
        "component-emitter": "~1.3.0",
        "debug": "~4.3.1"
      },
      "engines": {
        "node": ">=10.0.0"
      }
    },
    "node_modules/threads": {
      "version": "1.7.0",
      "resolved": "https://registry.npmjs.org/threads/-/threads-1.7.0.tgz",
      "integrity": "sha512-Mx5NBSHX3sQYR6iI9VYbgHKBLisyB+xROCBGjjWm1O9wb9vfLxdaGtmT/KCjUqMsSNW6nERzCW3T6H43LqjDZQ==",
      "dependencies": {
        "callsites": "^3.1.0",
        "debug": "^4.2.0",
        "is-observable": "^2.1.0",
        "observable-fns": "^0.6.1"
      },
      "funding": {
        "url": "https://github.com/andywer/threads.js?sponsor=1"
      },
      "optionalDependencies": {
        "tiny-worker": ">= 2"
      }
    },
    "node_modules/tiny-worker": {
      "version": "2.3.0",
      "resolved": "https://registry.npmjs.org/tiny-worker/-/tiny-worker-2.3.0.tgz",
      "integrity": "sha512-pJ70wq5EAqTAEl9IkGzA+fN0836rycEuz2Cn6yeZ6FRzlVS5IDOkFHpIoEsksPRQV34GDqXm65+OlnZqUSyK2g==",
      "optional": true,
      "dependencies": {
        "esm": "^3.2.25"
      }
    },
    "node_modules/ts-node": {
      "version": "10.4.0",
      "resolved": "https://registry.npmjs.org/ts-node/-/ts-node-10.4.0.tgz",
      "integrity": "sha512-g0FlPvvCXSIO1JDF6S232P5jPYqBkRL9qly81ZgAOSU7rwI0stphCgd2kLiCrU9DjQCrJMWEqcNSjQL02s6d8A==",
      "dev": true,
      "dependencies": {
        "@cspotcode/source-map-support": "0.7.0",
        "@tsconfig/node10": "^1.0.7",
        "@tsconfig/node12": "^1.0.7",
        "@tsconfig/node14": "^1.0.0",
        "@tsconfig/node16": "^1.0.2",
        "acorn": "^8.4.1",
        "acorn-walk": "^8.1.1",
        "arg": "^4.1.0",
        "create-require": "^1.1.0",
        "diff": "^4.0.1",
        "make-error": "^1.1.1",
        "yn": "3.1.1"
      },
      "bin": {
        "ts-node": "dist/bin.js",
        "ts-node-cwd": "dist/bin-cwd.js",
        "ts-node-script": "dist/bin-script.js",
        "ts-node-transpile-only": "dist/bin-transpile.js",
        "ts-script": "dist/bin-script-deprecated.js"
      },
      "peerDependencies": {
        "@swc/core": ">=1.2.50",
        "@swc/wasm": ">=1.2.50",
        "@types/node": "*",
        "typescript": ">=2.7"
      },
      "peerDependenciesMeta": {
        "@swc/core": {
          "optional": true
        },
        "@swc/wasm": {
          "optional": true
        }
      }
    },
    "node_modules/tslib": {
      "version": "2.3.1",
      "resolved": "https://registry.npmjs.org/tslib/-/tslib-2.3.1.tgz",
      "integrity": "sha512-77EbyPPpMz+FRFRuAFlWMtmgUWGe9UOG2Z25NqCwiIjRhOf5iKGuzSe5P2w1laq+FkRy4p+PCuVkJSGkzTEKVw=="
    },
    "node_modules/typedjson": {
      "version": "1.8.0",
      "resolved": "https://registry.npmjs.org/typedjson/-/typedjson-1.8.0.tgz",
      "integrity": "sha512-taVJVGebQDagEmVc3Cu6vVVLkWLnxqPcTrkVgbpAsI02ZDDrnHy5zvt1JVqXv4/yztBgZAX1oR07+bkiusGJLQ==",
      "dependencies": {
        "tslib": "^2.0.1"
      }
    },
    "node_modules/typescript": {
      "version": "4.5.3",
      "resolved": "https://registry.npmjs.org/typescript/-/typescript-4.5.3.tgz",
      "integrity": "sha512-eVYaEHALSt+s9LbvgEv4Ef+Tdq7hBiIZgii12xXJnukryt3pMgJf6aKhoCZ3FWQsu6sydEnkg11fYXLzhLBjeQ==",
      "dev": true,
      "bin": {
        "tsc": "bin/tsc",
        "tsserver": "bin/tsserver"
      },
      "engines": {
        "node": ">=4.2.0"
      }
    },
    "node_modules/uuid": {
      "version": "8.3.2",
      "resolved": "https://registry.npmjs.org/uuid/-/uuid-8.3.2.tgz",
      "integrity": "sha512-+NYs2QeMWy+GWFOEm9xnn6HCDp0l7QBD7ml8zLUmJ+93Q5NF0NocErnwkTkXVFNiX3/fpC6afS8Dhb/gz7R7eg==",
      "bin": {
        "uuid": "dist/bin/uuid"
      }
    },
    "node_modules/vary": {
      "version": "1.1.2",
      "resolved": "https://registry.npmjs.org/vary/-/vary-1.1.2.tgz",
      "integrity": "sha1-IpnwLG3tMNSllhsLn3RSShj2NPw=",
      "engines": {
        "node": ">= 0.8"
      }
    },
    "node_modules/ws": {
      "version": "8.2.3",
      "resolved": "https://registry.npmjs.org/ws/-/ws-8.2.3.tgz",
      "integrity": "sha512-wBuoj1BDpC6ZQ1B7DWQBYVLphPWkm8i9Y0/3YdHjHKHiohOJ1ws+3OccDWtH+PoC9DZD5WOTrJvNbWvjS6JWaA==",
      "engines": {
        "node": ">=10.0.0"
      },
      "peerDependencies": {
        "bufferutil": "^4.0.1",
        "utf-8-validate": "^5.0.2"
      },
      "peerDependenciesMeta": {
        "bufferutil": {
          "optional": true
        },
        "utf-8-validate": {
          "optional": true
        }
      }
    },
    "node_modules/xmlhttprequest-ssl": {
      "version": "2.0.0",
      "resolved": "https://registry.npmjs.org/xmlhttprequest-ssl/-/xmlhttprequest-ssl-2.0.0.tgz",
      "integrity": "sha512-QKxVRxiRACQcVuQEYFsI1hhkrMlrXHPegbbd1yn9UHOmRxY+si12nQYzri3vbzt8VdTTRviqcKxcyllFas5z2A==",
      "engines": {
        "node": ">=0.4.0"
      }
    },
    "node_modules/yeast": {
      "version": "0.1.2",
      "resolved": "https://registry.npmjs.org/yeast/-/yeast-0.1.2.tgz",
      "integrity": "sha1-AI4G2AlDIMNy28L47XagymyKxBk="
    },
    "node_modules/yn": {
      "version": "3.1.1",
      "resolved": "https://registry.npmjs.org/yn/-/yn-3.1.1.tgz",
      "integrity": "sha512-Ux4ygGWsu2c7isFWe8Yu1YluJmqVhxqK2cLXNQA5AcC3QfbGNpM7fu0Y8b/z16pXLnFxZYvWhd3fhBY9DLmC6Q==",
      "dev": true,
      "engines": {
        "node": ">=6"
      }
    },
    "node_modules/zlib": {
      "version": "1.0.5",
      "resolved": "https://registry.npmjs.org/zlib/-/zlib-1.0.5.tgz",
      "integrity": "sha1-bnyXL8NxxkWmr7A6sUdp3vEU/MA=",
      "hasInstallScript": true,
      "engines": {
        "node": ">=0.2.0"
      }
    }
  },
  "dependencies": {
    "@cspotcode/source-map-consumer": {
      "version": "0.8.0",
      "resolved": "https://registry.npmjs.org/@cspotcode/source-map-consumer/-/source-map-consumer-0.8.0.tgz",
      "integrity": "sha512-41qniHzTU8yAGbCp04ohlmSrZf8bkf/iJsl3V0dRGsQN/5GFfx+LbCSsCpp2gqrqjTVg/K6O8ycoV35JIwAzAg==",
      "dev": true
    },
    "@cspotcode/source-map-support": {
      "version": "0.7.0",
      "resolved": "https://registry.npmjs.org/@cspotcode/source-map-support/-/source-map-support-0.7.0.tgz",
      "integrity": "sha512-X4xqRHqN8ACt2aHVe51OxeA2HjbcL4MqFqXkrmQszJ1NOUuUu5u6Vqx/0lZSVNku7velL5FC/s5uEAj1lsBMhA==",
      "dev": true,
      "requires": {
        "@cspotcode/source-map-consumer": "0.8.0"
      }
    },
    "@openhps/core": {
      "version": "0.3.9",
      "resolved": "https://registry.npmjs.org/@openhps/core/-/core-0.3.9.tgz",
      "integrity": "sha512-EjhyKZYxbzAtHAoNNkyK9deday83+AeF+wrxIuXYqMY3WM8QrgYEUg0w5YdzgyI29bQSWq/fVsSsE61K7X/k8g==",
      "requires": {
        "reflect-metadata": ">=0.1.13",
        "threads": "^1.7.0",
        "typedjson": "^1.8.0",
        "uuid": "^8.3.2"
      }
    },
    "@openhps/csv": {
      "version": "0.1.4",
      "resolved": "https://registry.npmjs.org/@openhps/csv/-/csv-0.1.4.tgz",
      "integrity": "sha512-ZxiWdq3jBFQBE4MuajH7IXGOJN9MCaM6MW6/hHEwey7ch6h6N3HePzQxmdIqrG2DEUufzZ8MIkZygZAfKJCjeQ==",
      "requires": {
        "csv-parser": "^3.0.0",
        "csv-writer": "^1.6.0"
      }
    },
    "@openhps/rf": {
      "version": "0.1.4",
      "resolved": "https://registry.npmjs.org/@openhps/rf/-/rf-0.1.4.tgz",
      "integrity": "sha512-6lVvUmmCkRT3bw0fmCBXKiUK0QvT7x70qH1IUPdxCbxVHMx5LMJgxqIw0As/2NqpW4fBivW7E/XK/ENv+LxP/Q==",
      "requires": {
        "ml-levenberg-marquardt": "^3.1.1"
      }
    },
    "@openhps/socket": {
      "version": "0.1.2",
      "resolved": "https://registry.npmjs.org/@openhps/socket/-/socket-0.1.2.tgz",
      "integrity": "sha512-+8ev5cESCY/7ey02vERGgsTYOJEyEm6pkCLnVUno3bExXwR7Lt0GSIalWmkDJKcBFp50sc/8erDDQxFuHZorMw==",
      "requires": {
        "socket.io": "^4.3.1",
        "socket.io-client": "^4.3.2",
        "zlib": ">=1.0.5"
      }
    },
    "@socket.io/component-emitter": {
      "version": "3.0.0",
      "resolved": "https://registry.npmjs.org/@socket.io/component-emitter/-/component-emitter-3.0.0.tgz",
      "integrity": "sha512-2pTGuibAXJswAPJjaKisthqS/NOK5ypG4LYT6tEAV0S/mxW0zOIvYvGK0V8w8+SHxAm6vRMSjqSalFXeBAqs+Q=="
    },
    "@tsconfig/node10": {
      "version": "1.0.8",
      "resolved": "https://registry.npmjs.org/@tsconfig/node10/-/node10-1.0.8.tgz",
      "integrity": "sha512-6XFfSQmMgq0CFLY1MslA/CPUfhIL919M1rMsa5lP2P097N2Wd1sSX0tx1u4olM16fLNhtHZpRhedZJphNJqmZg==",
      "dev": true
    },
    "@tsconfig/node12": {
      "version": "1.0.9",
      "resolved": "https://registry.npmjs.org/@tsconfig/node12/-/node12-1.0.9.tgz",
      "integrity": "sha512-/yBMcem+fbvhSREH+s14YJi18sp7J9jpuhYByADT2rypfajMZZN4WQ6zBGgBKp53NKmqI36wFYDb3yaMPurITw==",
      "dev": true
    },
    "@tsconfig/node14": {
      "version": "1.0.1",
      "resolved": "https://registry.npmjs.org/@tsconfig/node14/-/node14-1.0.1.tgz",
      "integrity": "sha512-509r2+yARFfHHE7T6Puu2jjkoycftovhXRqW328PDXTVGKihlb1P8Z9mMZH04ebyajfRY7dedfGynlrFHJUQCg==",
      "dev": true
    },
    "@tsconfig/node16": {
      "version": "1.0.2",
      "resolved": "https://registry.npmjs.org/@tsconfig/node16/-/node16-1.0.2.tgz",
      "integrity": "sha512-eZxlbI8GZscaGS7kkc/trHTT5xgrjH3/1n2JDwusC9iahPKWMRvRjJSAN5mCXviuTGQ/lHnhvv8Q1YTpnfz9gA==",
      "dev": true
    },
    "@types/component-emitter": {
      "version": "1.2.11",
      "resolved": "https://registry.npmjs.org/@types/component-emitter/-/component-emitter-1.2.11.tgz",
      "integrity": "sha512-SRXjM+tfsSlA9VuG8hGO2nft2p8zjXCK1VcC6N4NXbBbYbSia9kzCChYQajIjzIqOOOuh5Ock6MmV2oux4jDZQ=="
    },
    "@types/cookie": {
      "version": "0.4.1",
      "resolved": "https://registry.npmjs.org/@types/cookie/-/cookie-0.4.1.tgz",
      "integrity": "sha512-XW/Aa8APYr6jSVVA1y/DEIZX0/GMKLEVekNG727R8cs56ahETkRAy/3DR7+fJyh7oUgGwNQaRfXCun0+KbWY7Q=="
    },
    "@types/cors": {
      "version": "2.8.12",
      "resolved": "https://registry.npmjs.org/@types/cors/-/cors-2.8.12.tgz",
      "integrity": "sha512-vt+kDhq/M2ayberEtJcIN/hxXy1Pk+59g2FV/ZQceeaTyCtCucjL2Q7FXlFjtWn4n15KCr1NE2lNNFhp0lEThw=="
    },
    "@types/node": {
      "version": "16.11.12",
      "resolved": "https://registry.npmjs.org/@types/node/-/node-16.11.12.tgz",
      "integrity": "sha512-+2Iggwg7PxoO5Kyhvsq9VarmPbIelXP070HMImEpbtGCoyWNINQj4wzjbQCXzdHTRXnqufutJb5KAURZANNBAw=="
    },
    "accepts": {
      "version": "1.3.7",
      "resolved": "https://registry.npmjs.org/accepts/-/accepts-1.3.7.tgz",
      "integrity": "sha512-Il80Qs2WjYlJIBNzNkK6KYqlVMTbZLXgHx2oT0pU/fjRHyEp+PEfEPY0R3WCwAGVOtauxh1hOxNgIf5bv7dQpA==",
      "requires": {
        "mime-types": "~2.1.24",
        "negotiator": "0.6.2"
      }
    },
    "acorn": {
      "version": "8.6.0",
      "resolved": "https://registry.npmjs.org/acorn/-/acorn-8.6.0.tgz",
      "integrity": "sha512-U1riIR+lBSNi3IbxtaHOIKdH8sLFv3NYfNv8sg7ZsNhcfl4HF2++BfqqrNAxoCLQW1iiylOj76ecnaUxz+z9yw==",
      "dev": true
    },
    "acorn-walk": {
      "version": "8.2.0",
      "resolved": "https://registry.npmjs.org/acorn-walk/-/acorn-walk-8.2.0.tgz",
      "integrity": "sha512-k+iyHEuPgSw6SbuDpGQM+06HQUa04DZ3o+F6CSzXMvvI5KMvnaEqXe+YVe555R9nn6GPt404fos4wcgpw12SDA==",
      "dev": true
    },
    "arg": {
      "version": "4.1.3",
      "resolved": "https://registry.npmjs.org/arg/-/arg-4.1.3.tgz",
      "integrity": "sha512-58S9QDqG0Xx27YwPSt9fJxivjYl432YCwfDMfZ+71RAqUrZef7LrKQZ3LHLOwCS4FLNBplP533Zx895SeOCHvA==",
      "dev": true
    },
    "backo2": {
      "version": "1.0.2",
      "resolved": "https://registry.npmjs.org/backo2/-/backo2-1.0.2.tgz",
      "integrity": "sha1-MasayLEpNjRj41s+u2n038+6eUc="
    },
    "base64-arraybuffer": {
      "version": "1.0.1",
      "resolved": "https://registry.npmjs.org/base64-arraybuffer/-/base64-arraybuffer-1.0.1.tgz",
      "integrity": "sha512-vFIUq7FdLtjZMhATwDul5RZWv2jpXQ09Pd6jcVEOvIsqCWTRFD/ONHNfyOS8dA/Ippi5dsIgpyKWKZaAKZltbA=="
    },
    "base64id": {
      "version": "2.0.0",
      "resolved": "https://registry.npmjs.org/base64id/-/base64id-2.0.0.tgz",
      "integrity": "sha512-lGe34o6EHj9y3Kts9R4ZYs/Gr+6N7MCaMlIFA3F1R2O5/m7K06AxfSeO5530PEERE6/WyEg3lsuyw4GHlPZHog=="
    },
    "callsites": {
      "version": "3.1.0",
      "resolved": "https://registry.npmjs.org/callsites/-/callsites-3.1.0.tgz",
      "integrity": "sha512-P8BjAsXvZS+VIDUI11hHCQEv74YT67YUi5JJFNWIqL235sBmjX4+qx9Muvls5ivyNENctx46xQLQ3aTuE7ssaQ=="
    },
    "component-emitter": {
      "version": "1.3.0",
      "resolved": "https://registry.npmjs.org/component-emitter/-/component-emitter-1.3.0.tgz",
      "integrity": "sha512-Rd3se6QB+sO1TwqZjscQrurpEPIfO0/yYnSin6Q/rD3mOutHvUrCAhJub3r90uNb+SESBuE0QYoB90YdfatsRg=="
    },
    "cookie": {
      "version": "0.4.1",
      "resolved": "https://registry.npmjs.org/cookie/-/cookie-0.4.1.tgz",
      "integrity": "sha512-ZwrFkGJxUR3EIoXtO+yVE69Eb7KlixbaeAWfBQB9vVsNn/o+Yw69gBWSSDK825hQNdN+wF8zELf3dFNl/kxkUA=="
    },
    "cors": {
      "version": "2.8.5",
      "resolved": "https://registry.npmjs.org/cors/-/cors-2.8.5.tgz",
      "integrity": "sha512-KIHbLJqu73RGr/hnbrO9uBeixNGuvSQjul/jdFvS/KFSIH1hWVd1ng7zOHx+YrEfInLG7q4n6GHQ9cDtxv/P6g==",
      "requires": {
        "object-assign": "^4",
        "vary": "^1"
      }
    },
    "create-require": {
      "version": "1.1.1",
      "resolved": "https://registry.npmjs.org/create-require/-/create-require-1.1.1.tgz",
      "integrity": "sha512-dcKFX3jn0MpIaXjisoRvexIJVEKzaq7z2rZKxf+MSr9TkdmHmsU4m2lcLojrj/FHl8mk5VxMmYA+ftRkP/3oKQ==",
      "dev": true
    },
    "csv-parser": {
      "version": "3.0.0",
      "resolved": "https://registry.npmjs.org/csv-parser/-/csv-parser-3.0.0.tgz",
      "integrity": "sha512-s6OYSXAK3IdKqYO33y09jhypG/bSDHPuyCme/IdEHfWpLf/jKcpitVFyOC6UemgGk8v7Q5u2XE0vvwmanxhGlQ==",
      "requires": {
        "minimist": "^1.2.0"
      }
    },
    "csv-writer": {
      "version": "1.6.0",
      "resolved": "https://registry.npmjs.org/csv-writer/-/csv-writer-1.6.0.tgz",
      "integrity": "sha512-NOx7YDFWEsM/fTRAJjRpPp8t+MKRVvniAg9wQlUKx20MFrPs73WLJhFf5iteqrxNYnsy924K3Iroh3yNHeYd2g=="
    },
    "debug": {
      "version": "4.3.3",
      "resolved": "https://registry.npmjs.org/debug/-/debug-4.3.3.tgz",
      "integrity": "sha512-/zxw5+vh1Tfv+4Qn7a5nsbcJKPaSvCDhojn6FEl9vupwK2VCSDtEiEtqr8DFtzYFOdz63LBkxec7DYuc2jon6Q==",
      "requires": {
        "ms": "2.1.2"
      }
    },
    "diff": {
      "version": "4.0.2",
      "resolved": "https://registry.npmjs.org/diff/-/diff-4.0.2.tgz",
      "integrity": "sha512-58lmxKSA4BNyLz+HHMUzlOEpg09FV+ev6ZMe3vJihgdxzgcwZ8VoEEPmALCZG9LmqfVoNMMKpttIYTVG6uDY7A==",
      "dev": true
    },
    "engine.io": {
      "version": "6.1.0",
      "resolved": "https://registry.npmjs.org/engine.io/-/engine.io-6.1.0.tgz",
      "integrity": "sha512-ErhZOVu2xweCjEfYcTdkCnEYUiZgkAcBBAhW4jbIvNG8SLU3orAqoJCiytZjYF7eTpVmmCrLDjLIEaPlUAs1uw==",
      "requires": {
        "@types/cookie": "^0.4.1",
        "@types/cors": "^2.8.12",
        "@types/node": ">=10.0.0",
        "accepts": "~1.3.4",
        "base64id": "2.0.0",
        "cookie": "~0.4.1",
        "cors": "~2.8.5",
        "debug": "~4.3.1",
        "engine.io-parser": "~5.0.0",
        "ws": "~8.2.3"
      }
    },
    "engine.io-client": {
      "version": "6.1.1",
      "resolved": "https://registry.npmjs.org/engine.io-client/-/engine.io-client-6.1.1.tgz",
      "integrity": "sha512-V05mmDo4gjimYW+FGujoGmmmxRaDsrVr7AXA3ZIfa04MWM1jOfZfUwou0oNqhNwy/votUDvGDt4JA4QF4e0b4g==",
      "requires": {
        "@socket.io/component-emitter": "~3.0.0",
        "debug": "~4.3.1",
        "engine.io-parser": "~5.0.0",
        "has-cors": "1.1.0",
        "parseqs": "0.0.6",
        "parseuri": "0.0.6",
        "ws": "~8.2.3",
        "xmlhttprequest-ssl": "~2.0.0",
        "yeast": "0.1.2"
      }
    },
    "engine.io-parser": {
      "version": "5.0.2",
      "resolved": "https://registry.npmjs.org/engine.io-parser/-/engine.io-parser-5.0.2.tgz",
      "integrity": "sha512-wuiO7qO/OEkPJSFueuATIXtrxF7/6GTbAO9QLv7nnbjwZ5tYhLm9zxvLwxstRs0dcT0KUlWTjtIOs1T86jt12g==",
      "requires": {
        "base64-arraybuffer": "~1.0.1"
      }
    },
    "esm": {
      "version": "3.2.25",
      "resolved": "https://registry.npmjs.org/esm/-/esm-3.2.25.tgz",
      "integrity": "sha512-U1suiZ2oDVWv4zPO56S0NcR5QriEahGtdN2OR6FiOG4WJvcjBVFB0qI4+eKoWFH483PKGuLuu6V8Z4T5g63UVA==",
      "optional": true
    },
    "has-cors": {
      "version": "1.1.0",
      "resolved": "https://registry.npmjs.org/has-cors/-/has-cors-1.1.0.tgz",
      "integrity": "sha1-XkdHk/fqmEPRu5nCPu9J/xJv/zk="
    },
    "is-any-array": {
      "version": "1.0.1",
      "resolved": "https://registry.npmjs.org/is-any-array/-/is-any-array-1.0.1.tgz",
      "integrity": "sha512-m+FSiaONxBt2W0h9XOUngMBu/WW8uzAKbSk4Ty2aeCcQJ+muBqENexvxUHtDpX65fk5AMCROxqgNX0sSAHstcw=="
    },
    "is-observable": {
      "version": "2.1.0",
      "resolved": "https://registry.npmjs.org/is-observable/-/is-observable-2.1.0.tgz",
      "integrity": "sha512-DailKdLb0WU+xX8K5w7VsJhapwHLZ9jjmazqCJq4X12CTgqq73TKnbRcnSLuXYPOoLQgV5IrD7ePiX/h1vnkBw=="
    },
    "make-error": {
      "version": "1.3.6",
      "resolved": "https://registry.npmjs.org/make-error/-/make-error-1.3.6.tgz",
      "integrity": "sha512-s8UhlNe7vPKomQhC1qFelMokr/Sc3AgNbso3n74mVPA5LTZwkB9NlXf4XPamLxJE8h0gh73rM94xvwRT2CVInw==",
      "dev": true
    },
    "mime-db": {
      "version": "1.51.0",
      "resolved": "https://registry.npmjs.org/mime-db/-/mime-db-1.51.0.tgz",
      "integrity": "sha512-5y8A56jg7XVQx2mbv1lu49NR4dokRnhZYTtL+KGfaa27uq4pSTXkwQkFJl4pkRMyNFz/EtYDSkiiEHx3F7UN6g=="
    },
    "mime-types": {
      "version": "2.1.34",
      "resolved": "https://registry.npmjs.org/mime-types/-/mime-types-2.1.34.tgz",
      "integrity": "sha512-6cP692WwGIs9XXdOO4++N+7qjqv0rqxxVvJ3VHPh/Sc9mVZcQP+ZGhkKiTvWMQRr2tbHkJP/Yn7Y0npb3ZBs4A==",
      "requires": {
        "mime-db": "1.51.0"
      }
    },
    "minimist": {
      "version": "1.2.5",
      "resolved": "https://registry.npmjs.org/minimist/-/minimist-1.2.5.tgz",
      "integrity": "sha512-FM9nNUYrRBAELZQT3xeZQ7fmMOBg6nWNmJKTcgsJeaLstP/UODVpGsr5OhXhhXg6f+qtJ8uiZ+PUxkDWcgIXLw=="
    },
    "ml-array-max": {
      "version": "1.2.3",
      "resolved": "https://registry.npmjs.org/ml-array-max/-/ml-array-max-1.2.3.tgz",
      "integrity": "sha512-49YwnLlAf4/E/VyezUz+SNfSBhPE8JTahxRPuyM9S9Uv+ft5x0C8A4trtkDgrttMxoxbhudTA1yg8zgJZaYtpA==",
      "requires": {
        "is-any-array": "^1.0.0"
      }
    },
    "ml-array-min": {
      "version": "1.2.2",
      "resolved": "https://registry.npmjs.org/ml-array-min/-/ml-array-min-1.2.2.tgz",
      "integrity": "sha512-yidQcOHFaGEuVr6FcwAn+QvKXJv1Lxel5fyKrO+aXGJGp97Mt+p8r21WYtikS/PTVbxdSrliQ0UK4wSHYHHgzQ==",
      "requires": {
        "is-any-array": "^1.0.0"
      }
    },
    "ml-array-rescale": {
      "version": "1.3.6",
      "resolved": "https://registry.npmjs.org/ml-array-rescale/-/ml-array-rescale-1.3.6.tgz",
      "integrity": "sha512-Lzj45T6hvHNdht924JQhHzInIK+ilC55zn98uraZUvLBkOWOJGOztEkRM0xyzAjWvVuhpszLADOnoVwfBSnj8w==",
      "requires": {
        "is-any-array": "^1.0.0",
        "ml-array-max": "^1.2.3",
        "ml-array-min": "^1.2.2"
      }
    },
    "ml-levenberg-marquardt": {
      "version": "3.1.1",
      "resolved": "https://registry.npmjs.org/ml-levenberg-marquardt/-/ml-levenberg-marquardt-3.1.1.tgz",
      "integrity": "sha512-3/AC2MQqlbbIeVon2DO5eNHFNHPw+2ycGJKtySXOB0YNoAvIqLhVQGIH8/bouI3q6XJgjnLFr9B90BPKNPVu8w==",
      "requires": {
        "is-any-array": "^1.0.0",
        "ml-matrix": "^6.7.0"
      }
    },
    "ml-matrix": {
      "version": "6.8.2",
      "resolved": "https://registry.npmjs.org/ml-matrix/-/ml-matrix-6.8.2.tgz",
      "integrity": "sha512-5o2gVLFyieDSgsStEU5mqty4MZqfeytYA/gJqBSw5/Xuob0X2UrFX/k7FDh+YAwjzG/1l8nYa0oDaJ0sGs/RlA==",
      "requires": {
        "ml-array-rescale": "^1.3.6"
      }
    },
    "ms": {
      "version": "2.1.2",
      "resolved": "https://registry.npmjs.org/ms/-/ms-2.1.2.tgz",
      "integrity": "sha512-sGkPx+VjMtmA6MX27oA4FBFELFCZZ4S4XqeGOXCv68tT+jb3vk/RyaKWP0PTKyWtmLSM0b+adUTEvbs1PEaH2w=="
    },
    "negotiator": {
      "version": "0.6.2",
      "resolved": "https://registry.npmjs.org/negotiator/-/negotiator-0.6.2.tgz",
      "integrity": "sha512-hZXc7K2e+PgeI1eDBe/10Ard4ekbfrrqG8Ep+8Jmf4JID2bNg7NvCPOZN+kfF574pFQI7mum2AUqDidoKqcTOw=="
    },
    "object-assign": {
      "version": "4.1.1",
      "resolved": "https://registry.npmjs.org/object-assign/-/object-assign-4.1.1.tgz",
      "integrity": "sha1-IQmtx5ZYh8/AXLvUQsrIv7s2CGM="
    },
    "observable-fns": {
      "version": "0.6.1",
      "resolved": "https://registry.npmjs.org/observable-fns/-/observable-fns-0.6.1.tgz",
      "integrity": "sha512-9gRK4+sRWzeN6AOewNBTLXir7Zl/i3GB6Yl26gK4flxz8BXVpD3kt8amREmWNb0mxYOGDotvE5a4N+PtGGKdkg=="
    },
    "parseqs": {
      "version": "0.0.6",
      "resolved": "https://registry.npmjs.org/parseqs/-/parseqs-0.0.6.tgz",
      "integrity": "sha512-jeAGzMDbfSHHA091hr0r31eYfTig+29g3GKKE/PPbEQ65X0lmMwlEoqmhzu0iztID5uJpZsFlUPDP8ThPL7M8w=="
    },
    "parseuri": {
      "version": "0.0.6",
      "resolved": "https://registry.npmjs.org/parseuri/-/parseuri-0.0.6.tgz",
      "integrity": "sha512-AUjen8sAkGgao7UyCX6Ahv0gIK2fABKmYjvP4xmy5JaKvcbTRueIqIPHLAfq30xJddqSE033IOMUSOMCcK3Sow=="
    },
    "reflect-metadata": {
      "version": "0.1.13",
      "resolved": "https://registry.npmjs.org/reflect-metadata/-/reflect-metadata-0.1.13.tgz",
      "integrity": "sha512-Ts1Y/anZELhSsjMcU605fU9RE4Oi3p5ORujwbIKXfWa+0Zxs510Qrmrce5/Jowq3cHSZSJqBjypxmHarc+vEWg=="
    },
    "socket.io": {
      "version": "4.4.0",
      "resolved": "https://registry.npmjs.org/socket.io/-/socket.io-4.4.0.tgz",
      "integrity": "sha512-bnpJxswR9ov0Bw6ilhCvO38/1WPtE3eA2dtxi2Iq4/sFebiDJQzgKNYA7AuVVdGW09nrESXd90NbZqtDd9dzRQ==",
      "requires": {
        "accepts": "~1.3.4",
        "base64id": "~2.0.0",
        "debug": "~4.3.2",
        "engine.io": "~6.1.0",
        "socket.io-adapter": "~2.3.3",
        "socket.io-parser": "~4.0.4"
      }
    },
    "socket.io-adapter": {
      "version": "2.3.3",
      "resolved": "https://registry.npmjs.org/socket.io-adapter/-/socket.io-adapter-2.3.3.tgz",
      "integrity": "sha512-Qd/iwn3VskrpNO60BeRyCyr8ZWw9CPZyitW4AQwmRZ8zCiyDiL+znRnWX6tDHXnWn1sJrM1+b6Mn6wEDJJ4aYQ=="
    },
    "socket.io-client": {
      "version": "4.4.0",
      "resolved": "https://registry.npmjs.org/socket.io-client/-/socket.io-client-4.4.0.tgz",
      "integrity": "sha512-g7riSEJXi7qCFImPow98oT8X++MSsHz6MMFRXkWNJ6uEROSHOa3kxdrsYWMq85dO+09CFMkcqlpjvbVXQl4z6g==",
      "requires": {
        "@socket.io/component-emitter": "~3.0.0",
        "backo2": "~1.0.2",
        "debug": "~4.3.2",
        "engine.io-client": "~6.1.1",
        "parseuri": "0.0.6",
        "socket.io-parser": "~4.1.1"
      },
      "dependencies": {
        "socket.io-parser": {
          "version": "4.1.1",
          "resolved": "https://registry.npmjs.org/socket.io-parser/-/socket.io-parser-4.1.1.tgz",
          "integrity": "sha512-USQVLSkDWE5nbcY760ExdKaJxCE65kcsG/8k5FDGZVVxpD1pA7hABYXYkCUvxUuYYh/+uQw0N/fvBzfT8o07KA==",
          "requires": {
            "@socket.io/component-emitter": "~3.0.0",
            "debug": "~4.3.1"
          }
        }
      }
    },
    "socket.io-parser": {
      "version": "4.0.4",
      "resolved": "https://registry.npmjs.org/socket.io-parser/-/socket.io-parser-4.0.4.tgz",
      "integrity": "sha512-t+b0SS+IxG7Rxzda2EVvyBZbvFPBCjJoyHuE0P//7OAsN23GItzDRdWa6ALxZI/8R5ygK7jAR6t028/z+7295g==",
      "requires": {
        "@types/component-emitter": "^1.2.10",
        "component-emitter": "~1.3.0",
        "debug": "~4.3.1"
      }
    },
    "threads": {
      "version": "1.7.0",
      "resolved": "https://registry.npmjs.org/threads/-/threads-1.7.0.tgz",
      "integrity": "sha512-Mx5NBSHX3sQYR6iI9VYbgHKBLisyB+xROCBGjjWm1O9wb9vfLxdaGtmT/KCjUqMsSNW6nERzCW3T6H43LqjDZQ==",
      "requires": {
        "callsites": "^3.1.0",
        "debug": "^4.2.0",
        "is-observable": "^2.1.0",
        "observable-fns": "^0.6.1",
        "tiny-worker": ">= 2"
      }
    },
    "tiny-worker": {
      "version": "2.3.0",
      "resolved": "https://registry.npmjs.org/tiny-worker/-/tiny-worker-2.3.0.tgz",
      "integrity": "sha512-pJ70wq5EAqTAEl9IkGzA+fN0836rycEuz2Cn6yeZ6FRzlVS5IDOkFHpIoEsksPRQV34GDqXm65+OlnZqUSyK2g==",
      "optional": true,
      "requires": {
        "esm": "^3.2.25"
      }
    },
    "ts-node": {
      "version": "10.4.0",
      "resolved": "https://registry.npmjs.org/ts-node/-/ts-node-10.4.0.tgz",
      "integrity": "sha512-g0FlPvvCXSIO1JDF6S232P5jPYqBkRL9qly81ZgAOSU7rwI0stphCgd2kLiCrU9DjQCrJMWEqcNSjQL02s6d8A==",
      "dev": true,
      "requires": {
        "@cspotcode/source-map-support": "0.7.0",
        "@tsconfig/node10": "^1.0.7",
        "@tsconfig/node12": "^1.0.7",
        "@tsconfig/node14": "^1.0.0",
        "@tsconfig/node16": "^1.0.2",
        "acorn": "^8.4.1",
        "acorn-walk": "^8.1.1",
        "arg": "^4.1.0",
        "create-require": "^1.1.0",
        "diff": "^4.0.1",
        "make-error": "^1.1.1",
        "yn": "3.1.1"
      }
    },
    "tslib": {
      "version": "2.3.1",
      "resolved": "https://registry.npmjs.org/tslib/-/tslib-2.3.1.tgz",
      "integrity": "sha512-77EbyPPpMz+FRFRuAFlWMtmgUWGe9UOG2Z25NqCwiIjRhOf5iKGuzSe5P2w1laq+FkRy4p+PCuVkJSGkzTEKVw=="
    },
    "typedjson": {
      "version": "1.8.0",
      "resolved": "https://registry.npmjs.org/typedjson/-/typedjson-1.8.0.tgz",
      "integrity": "sha512-taVJVGebQDagEmVc3Cu6vVVLkWLnxqPcTrkVgbpAsI02ZDDrnHy5zvt1JVqXv4/yztBgZAX1oR07+bkiusGJLQ==",
      "requires": {
        "tslib": "^2.0.1"
      }
    },
    "typescript": {
      "version": "4.5.3",
      "resolved": "https://registry.npmjs.org/typescript/-/typescript-4.5.3.tgz",
      "integrity": "sha512-eVYaEHALSt+s9LbvgEv4Ef+Tdq7hBiIZgii12xXJnukryt3pMgJf6aKhoCZ3FWQsu6sydEnkg11fYXLzhLBjeQ==",
      "dev": true
    },
    "uuid": {
      "version": "8.3.2",
      "resolved": "https://registry.npmjs.org/uuid/-/uuid-8.3.2.tgz",
      "integrity": "sha512-+NYs2QeMWy+GWFOEm9xnn6HCDp0l7QBD7ml8zLUmJ+93Q5NF0NocErnwkTkXVFNiX3/fpC6afS8Dhb/gz7R7eg=="
    },
    "vary": {
      "version": "1.1.2",
      "resolved": "https://registry.npmjs.org/vary/-/vary-1.1.2.tgz",
      "integrity": "sha1-IpnwLG3tMNSllhsLn3RSShj2NPw="
    },
    "ws": {
      "version": "8.2.3",
      "resolved": "https://registry.npmjs.org/ws/-/ws-8.2.3.tgz",
      "integrity": "sha512-wBuoj1BDpC6ZQ1B7DWQBYVLphPWkm8i9Y0/3YdHjHKHiohOJ1ws+3OccDWtH+PoC9DZD5WOTrJvNbWvjS6JWaA==",
      "requires": {}
    },
    "xmlhttprequest-ssl": {
      "version": "2.0.0",
      "resolved": "https://registry.npmjs.org/xmlhttprequest-ssl/-/xmlhttprequest-ssl-2.0.0.tgz",
      "integrity": "sha512-QKxVRxiRACQcVuQEYFsI1hhkrMlrXHPegbbd1yn9UHOmRxY+si12nQYzri3vbzt8VdTTRviqcKxcyllFas5z2A=="
    },
    "yeast": {
      "version": "0.1.2",
      "resolved": "https://registry.npmjs.org/yeast/-/yeast-0.1.2.tgz",
      "integrity": "sha1-AI4G2AlDIMNy28L47XagymyKxBk="
    },
    "yn": {
      "version": "3.1.1",
      "resolved": "https://registry.npmjs.org/yn/-/yn-3.1.1.tgz",
      "integrity": "sha512-Ux4ygGWsu2c7isFWe8Yu1YluJmqVhxqK2cLXNQA5AcC3QfbGNpM7fu0Y8b/z16pXLnFxZYvWhd3fhBY9DLmC6Q==",
      "dev": true
    },
    "zlib": {
      "version": "1.0.5",
      "resolved": "https://registry.npmjs.org/zlib/-/zlib-1.0.5.tgz",
      "integrity": "sha1-bnyXL8NxxkWmr7A6sUdp3vEU/MA="
    }
  }
}
